
Microsoft Visual Studio Solution File, Format Version 12.00
# Visual Studio 2012
Project("{2150E333-8FDC-42A3-9474-1A3956D46DE8}") = "CVARC.Engine", "CVARC.Engine", "{9995F6E5-CC26-4D61-BFBF-7A2607041122}"
EndProject
Project("{2150E333-8FDC-42A3-9474-1A3956D46DE8}") = "CVARC.Server", "CVARC.Server", "{BF5FD001-855C-4836-957A-345F6B805CF3}"
EndProject
Project("{2150E333-8FDC-42A3-9474-1A3956D46DE8}") = "CVARC.Client", "CVARC.Client", "{4C090D07-4CFD-481D-BD1F-7C9AAFF68900}"
EndProject
Project("{FAE04EC0-301F-11D3-BF4B-00C04F79EFBC}") = "Level1Client", "CVARC.Client\Level1Client\Level1Client.csproj", "{16FA1ED5-6AE6-4347-91EE-C52E7F22BBC9}"
EndProject
Project("{FAE04EC0-301F-11D3-BF4B-00C04F79EFBC}") = "Level2Client", "CVARC.Client\Level2Client\Level2Client.csproj", "{591A56CA-195B-47B5-9841-B552B5274410}"
EndProject
Project("{FAE04EC0-301F-11D3-BF4B-00C04F79EFBC}") = "Level4Client", "CVARC.Client\Level4Client\Level4Client.csproj", "{3D879342-6FFF-4E86-81CF-69A89A23CA81}"
EndProject
Project("{FAE04EC0-301F-11D3-BF4B-00C04F79EFBC}") = "Tutorial", "CVARC.Server\Tutorial\Tutorial.csproj", "{46FD3D2B-D123-4B6C-8B26-7BC3764D34FE}"
EndProject
Project("{FAE04EC0-301F-11D3-BF4B-00C04F79EFBC}") = "RepairTheStarship.Common", "CVARC.Server\RepairTheStarship.Common\RepairTheStarship.Common.csproj", "{6B20B01B-360B-410C-95F3-0AC88E907281}"
EndProject
Project("{FAE04EC0-301F-11D3-BF4B-00C04F79EFBC}") = "RepairTheStarship", "CVARC.Server\RepairTheStarship\RepairTheStarship.csproj", "{7969E0E7-00AF-4627-8D93-F6D022C99167}"
EndProject
Project("{FAE04EC0-301F-11D3-BF4B-00C04F79EFBC}") = "NetworkServer", "CVARC.Server\NetworkServer\NetworkServer.csproj", "{AF9C4D6B-A41F-46F2-8AF8-AF30163E1051}"
EndProject
Project("{FAE04EC0-301F-11D3-BF4B-00C04F79EFBC}") = "NetworkCompetitionsPlayer", "CVARC.Server\NetworkCompetitionsPlayer\NetworkCompetitionsPlayer.csproj", "{1902E450-0F28-4E9D-8581-3A78821F5E35}"
EndProject
Project("{FAE04EC0-301F-11D3-BF4B-00C04F79EFBC}") = "ClientBase", "CVARC.Client\ClientBase\ClientBase.csproj", "{5177F2A5-6BA0-4EB6-91DA-5C4CAB84DCF8}"
EndProject
Project("{FAE04EC0-301F-11D3-BF4B-00C04F79EFBC}") = "Tests", "CVARC.Engine\Tests\Tests.csproj", "{88C7E18A-0ED8-455D-9EE7-742D2E4E6C31}"
EndProject
Project("{FAE04EC0-301F-11D3-BF4B-00C04F79EFBC}") = "TestProject", "CVARC.Server\TestProject\TestProject.csproj", "{1CD9B5DF-6D79-4BB5-81A2-B0CBEFF4A0CF}"
EndProject
Project("{FAE04EC0-301F-11D3-BF4B-00C04F79EFBC}") = "CVARC.Engine.KroR", "CVARC.Engine\CVARC.Engine.KR\CVARC.Engine.KroR.csproj", "{13695795-F82C-48DF-86D7-EAE60259F845}"
EndProject
Project("{FAE04EC0-301F-11D3-BF4B-00C04F79EFBC}") = "AIRLabs", "CVARC.Engine\AIRLabs\AIRLabs.csproj", "{B1953D7F-0F62-400D-A77A-FF1CE4474A41}"
EndProject
Project("{FAE04EC0-301F-11D3-BF4B-00C04F79EFBC}") = "CVARC", "CVARC.Engine\CVARC\CVARC.csproj", "{E36D3F75-F5DB-4BB8-B29A-E920CB1BB3ED}"
EndProject
Project("{2150E333-8FDC-42A3-9474-1A3956D46DE8}") = "Framework", "Framework", "{9CA3FCB9-2460-442C-B861-C4E6144E24D5}"
	ProjectSection(SolutionItems) = preProject
		CVARC.V2\Framework\LogComparator\LogComparator.csproj = CVARC.V2\Framework\LogComparator\LogComparator.csproj
	EndProjectSection
EndProject
Project("{FAE04EC0-301F-11D3-BF4B-00C04F79EFBC}") = "CVARC.Core", "CVARC.V2\Framework\CVARC.Core\CVARC.Core.csproj", "{F7B5021F-09E8-4388-97A2-4B44B9770D03}"
EndProject
Project("{FAE04EC0-301F-11D3-BF4B-00C04F79EFBC}") = "CVARC.KroR", "CVARC.V2\Framework\CVARC.Engine.KR\CVARC.KroR.csproj", "{1C435B15-949F-420B-B5D5-F433439FB69C}"
EndProject
Project("{FAE04EC0-301F-11D3-BF4B-00C04F79EFBC}") = "CVARC", "CVARC.V2\Framework\CVARC\CVARC.csproj", "{570F2CCC-CB76-4A27-B1CA-D38888D34A5E}"
EndProject
Project("{2150E333-8FDC-42A3-9474-1A3956D46DE8}") = "Demo", "Demo", "{44087801-91D5-4C4D-B1E9-9A3291094CD8}"
EndProject
Project("{FAE04EC0-301F-11D3-BF4B-00C04F79EFBC}") = "DemoCompetitions.General", "CVARC.V2\Demo\DemoCompetitions\DemoCompetitions.General.csproj", "{CE636D44-57A4-48FA-A178-88CA2C3E9DD4}"
EndProject
Project("{FAE04EC0-301F-11D3-BF4B-00C04F79EFBC}") = "DemoCompetitions.Kror", "CVARC.V2\Demo\DemoCompetitions.Kror\DemoCompetitions.Kror.csproj", "{B9AAEF76-AD12-4593-B665-66DB19AD03C8}"
EndProject
Project("{2150E333-8FDC-42A3-9474-1A3956D46DE8}") = "RepairTheStarship", "RepairTheStarship", "{4D4F32D0-FD69-48E4-8764-1589D8CA80AA}"
EndProject
Project("{FAE04EC0-301F-11D3-BF4B-00C04F79EFBC}") = "RepairTheStarship.General", "CVARC.V2\RepairTheStarship\RepairTheStarship\RepairTheStarship.General.csproj", "{11B6A7C1-E6AA-4F81-9710-EC84069CA858}"
EndProject
Project("{FAE04EC0-301F-11D3-BF4B-00C04F79EFBC}") = "RepairTheStarship.KroR", "CVARC.V2\RepairTheStarship\RepairTheStarship.KroR\RepairTheStarship.KroR.csproj", "{748DB258-2D25-42A4-AF68-F852DA397324}"
EndProject
Project("{2150E333-8FDC-42A3-9474-1A3956D46DE8}") = "Legacy", "Legacy", "{05AE76C5-BF70-4E2C-B856-DF3509066944}"
EndProject
Project("{FAE04EC0-301F-11D3-BF4B-00C04F79EFBC}") = "Level1Client", "CVARC.V2\RepairTheStarship\Level1Client\Level1Client.csproj", "{C0294814-98C4-4FAD-B947-15822961684E}"
EndProject
Global
	GlobalSection(SolutionConfigurationPlatforms) = preSolution
		Debug|Any CPU = Debug|Any CPU
		Debug|Mixed Platforms = Debug|Mixed Platforms
		Debug|x86 = Debug|x86
		Release|Any CPU = Release|Any CPU
		Release|Mixed Platforms = Release|Mixed Platforms
		Release|x86 = Release|x86
	EndGlobalSection
	GlobalSection(ProjectConfigurationPlatforms) = postSolution
		{16FA1ED5-6AE6-4347-91EE-C52E7F22BBC9}.Debug|Any CPU.ActiveCfg = Debug|Any CPU
		{16FA1ED5-6AE6-4347-91EE-C52E7F22BBC9}.Debug|Any CPU.Build.0 = Debug|Any CPU
		{16FA1ED5-6AE6-4347-91EE-C52E7F22BBC9}.Debug|Mixed Platforms.ActiveCfg = Debug|Any CPU
		{16FA1ED5-6AE6-4347-91EE-C52E7F22BBC9}.Debug|Mixed Platforms.Build.0 = Debug|Any CPU
		{16FA1ED5-6AE6-4347-91EE-C52E7F22BBC9}.Debug|x86.ActiveCfg = Debug|Any CPU
		{16FA1ED5-6AE6-4347-91EE-C52E7F22BBC9}.Release|Any CPU.ActiveCfg = Release|Any CPU
		{16FA1ED5-6AE6-4347-91EE-C52E7F22BBC9}.Release|Any CPU.Build.0 = Release|Any CPU
		{16FA1ED5-6AE6-4347-91EE-C52E7F22BBC9}.Release|Mixed Platforms.ActiveCfg = Release|Any CPU
		{16FA1ED5-6AE6-4347-91EE-C52E7F22BBC9}.Release|Mixed Platforms.Build.0 = Release|Any CPU
		{16FA1ED5-6AE6-4347-91EE-C52E7F22BBC9}.Release|x86.ActiveCfg = Release|Any CPU
		{591A56CA-195B-47B5-9841-B552B5274410}.Debug|Any CPU.ActiveCfg = Debug|Any CPU
		{591A56CA-195B-47B5-9841-B552B5274410}.Debug|Any CPU.Build.0 = Debug|Any CPU
		{591A56CA-195B-47B5-9841-B552B5274410}.Debug|Mixed Platforms.ActiveCfg = Debug|Any CPU
		{591A56CA-195B-47B5-9841-B552B5274410}.Debug|Mixed Platforms.Build.0 = Debug|Any CPU
		{591A56CA-195B-47B5-9841-B552B5274410}.Debug|x86.ActiveCfg = Debug|Any CPU
		{591A56CA-195B-47B5-9841-B552B5274410}.Release|Any CPU.ActiveCfg = Release|Any CPU
		{591A56CA-195B-47B5-9841-B552B5274410}.Release|Any CPU.Build.0 = Release|Any CPU
		{591A56CA-195B-47B5-9841-B552B5274410}.Release|Mixed Platforms.ActiveCfg = Release|Any CPU
		{591A56CA-195B-47B5-9841-B552B5274410}.Release|Mixed Platforms.Build.0 = Release|Any CPU
		{591A56CA-195B-47B5-9841-B552B5274410}.Release|x86.ActiveCfg = Release|Any CPU
		{3D879342-6FFF-4E86-81CF-69A89A23CA81}.Debug|Any CPU.ActiveCfg = Debug|Any CPU
		{3D879342-6FFF-4E86-81CF-69A89A23CA81}.Debug|Any CPU.Build.0 = Debug|Any CPU
		{3D879342-6FFF-4E86-81CF-69A89A23CA81}.Debug|Mixed Platforms.ActiveCfg = Debug|Any CPU
		{3D879342-6FFF-4E86-81CF-69A89A23CA81}.Debug|Mixed Platforms.Build.0 = Debug|Any CPU
		{3D879342-6FFF-4E86-81CF-69A89A23CA81}.Debug|x86.ActiveCfg = Debug|Any CPU
		{3D879342-6FFF-4E86-81CF-69A89A23CA81}.Release|Any CPU.ActiveCfg = Release|Any CPU
		{3D879342-6FFF-4E86-81CF-69A89A23CA81}.Release|Any CPU.Build.0 = Release|Any CPU
		{3D879342-6FFF-4E86-81CF-69A89A23CA81}.Release|Mixed Platforms.ActiveCfg = Release|Any CPU
		{3D879342-6FFF-4E86-81CF-69A89A23CA81}.Release|Mixed Platforms.Build.0 = Release|Any CPU
		{3D879342-6FFF-4E86-81CF-69A89A23CA81}.Release|x86.ActiveCfg = Release|Any CPU
		{46FD3D2B-D123-4B6C-8B26-7BC3764D34FE}.Debug|Any CPU.ActiveCfg = Debug|Any CPU
		{46FD3D2B-D123-4B6C-8B26-7BC3764D34FE}.Debug|Any CPU.Build.0 = Debug|Any CPU
		{46FD3D2B-D123-4B6C-8B26-7BC3764D34FE}.Debug|Mixed Platforms.ActiveCfg = Debug|Any CPU
		{46FD3D2B-D123-4B6C-8B26-7BC3764D34FE}.Debug|Mixed Platforms.Build.0 = Debug|Any CPU
		{46FD3D2B-D123-4B6C-8B26-7BC3764D34FE}.Debug|x86.ActiveCfg = Debug|Any CPU
		{46FD3D2B-D123-4B6C-8B26-7BC3764D34FE}.Release|Any CPU.ActiveCfg = Release|Any CPU
		{46FD3D2B-D123-4B6C-8B26-7BC3764D34FE}.Release|Any CPU.Build.0 = Release|Any CPU
		{46FD3D2B-D123-4B6C-8B26-7BC3764D34FE}.Release|Mixed Platforms.ActiveCfg = Release|Any CPU
		{46FD3D2B-D123-4B6C-8B26-7BC3764D34FE}.Release|Mixed Platforms.Build.0 = Release|Any CPU
		{46FD3D2B-D123-4B6C-8B26-7BC3764D34FE}.Release|x86.ActiveCfg = Release|Any CPU
		{6B20B01B-360B-410C-95F3-0AC88E907281}.Debug|Any CPU.ActiveCfg = Debug|Any CPU
		{6B20B01B-360B-410C-95F3-0AC88E907281}.Debug|Any CPU.Build.0 = Debug|Any CPU
		{6B20B01B-360B-410C-95F3-0AC88E907281}.Debug|Mixed Platforms.ActiveCfg = Debug|Any CPU
		{6B20B01B-360B-410C-95F3-0AC88E907281}.Debug|Mixed Platforms.Build.0 = Debug|Any CPU
		{6B20B01B-360B-410C-95F3-0AC88E907281}.Debug|x86.ActiveCfg = Debug|Any CPU
		{6B20B01B-360B-410C-95F3-0AC88E907281}.Release|Any CPU.ActiveCfg = Release|Any CPU
		{6B20B01B-360B-410C-95F3-0AC88E907281}.Release|Any CPU.Build.0 = Release|Any CPU
		{6B20B01B-360B-410C-95F3-0AC88E907281}.Release|Mixed Platforms.ActiveCfg = Release|Any CPU
		{6B20B01B-360B-410C-95F3-0AC88E907281}.Release|Mixed Platforms.Build.0 = Release|Any CPU
		{6B20B01B-360B-410C-95F3-0AC88E907281}.Release|x86.ActiveCfg = Release|Any CPU
		{7969E0E7-00AF-4627-8D93-F6D022C99167}.Debug|Any CPU.ActiveCfg = Debug|Any CPU
		{7969E0E7-00AF-4627-8D93-F6D022C99167}.Debug|Any CPU.Build.0 = Debug|Any CPU
		{7969E0E7-00AF-4627-8D93-F6D022C99167}.Debug|Mixed Platforms.ActiveCfg = Debug|Any CPU
		{7969E0E7-00AF-4627-8D93-F6D022C99167}.Debug|Mixed Platforms.Build.0 = Debug|Any CPU
		{7969E0E7-00AF-4627-8D93-F6D022C99167}.Debug|x86.ActiveCfg = Debug|Any CPU
		{7969E0E7-00AF-4627-8D93-F6D022C99167}.Release|Any CPU.ActiveCfg = Release|Any CPU
		{7969E0E7-00AF-4627-8D93-F6D022C99167}.Release|Any CPU.Build.0 = Release|Any CPU
		{7969E0E7-00AF-4627-8D93-F6D022C99167}.Release|Mixed Platforms.ActiveCfg = Release|Any CPU
		{7969E0E7-00AF-4627-8D93-F6D022C99167}.Release|Mixed Platforms.Build.0 = Release|Any CPU
		{7969E0E7-00AF-4627-8D93-F6D022C99167}.Release|x86.ActiveCfg = Release|Any CPU
		{AF9C4D6B-A41F-46F2-8AF8-AF30163E1051}.Debug|Any CPU.ActiveCfg = Debug|Any CPU
		{AF9C4D6B-A41F-46F2-8AF8-AF30163E1051}.Debug|Any CPU.Build.0 = Debug|Any CPU
		{AF9C4D6B-A41F-46F2-8AF8-AF30163E1051}.Debug|Mixed Platforms.ActiveCfg = Debug|Any CPU
		{AF9C4D6B-A41F-46F2-8AF8-AF30163E1051}.Debug|Mixed Platforms.Build.0 = Debug|Any CPU
		{AF9C4D6B-A41F-46F2-8AF8-AF30163E1051}.Debug|x86.ActiveCfg = Debug|Any CPU
		{AF9C4D6B-A41F-46F2-8AF8-AF30163E1051}.Release|Any CPU.ActiveCfg = Release|Any CPU
		{AF9C4D6B-A41F-46F2-8AF8-AF30163E1051}.Release|Any CPU.Build.0 = Release|Any CPU
		{AF9C4D6B-A41F-46F2-8AF8-AF30163E1051}.Release|Mixed Platforms.ActiveCfg = Release|Any CPU
		{AF9C4D6B-A41F-46F2-8AF8-AF30163E1051}.Release|Mixed Platforms.Build.0 = Release|Any CPU
		{AF9C4D6B-A41F-46F2-8AF8-AF30163E1051}.Release|x86.ActiveCfg = Release|Any CPU
		{1902E450-0F28-4E9D-8581-3A78821F5E35}.Debug|Any CPU.ActiveCfg = Debug|Any CPU
		{1902E450-0F28-4E9D-8581-3A78821F5E35}.Debug|Any CPU.Build.0 = Debug|Any CPU
		{1902E450-0F28-4E9D-8581-3A78821F5E35}.Debug|Mixed Platforms.ActiveCfg = Debug|Any CPU
		{1902E450-0F28-4E9D-8581-3A78821F5E35}.Debug|Mixed Platforms.Build.0 = Debug|Any CPU
		{1902E450-0F28-4E9D-8581-3A78821F5E35}.Debug|x86.ActiveCfg = Debug|Any CPU
		{1902E450-0F28-4E9D-8581-3A78821F5E35}.Release|Any CPU.ActiveCfg = Release|Any CPU
		{1902E450-0F28-4E9D-8581-3A78821F5E35}.Release|Any CPU.Build.0 = Release|Any CPU
		{1902E450-0F28-4E9D-8581-3A78821F5E35}.Release|Mixed Platforms.ActiveCfg = Release|Any CPU
		{1902E450-0F28-4E9D-8581-3A78821F5E35}.Release|Mixed Platforms.Build.0 = Release|Any CPU
		{1902E450-0F28-4E9D-8581-3A78821F5E35}.Release|x86.ActiveCfg = Release|Any CPU
		{5177F2A5-6BA0-4EB6-91DA-5C4CAB84DCF8}.Debug|Any CPU.ActiveCfg = Debug|Any CPU
		{5177F2A5-6BA0-4EB6-91DA-5C4CAB84DCF8}.Debug|Any CPU.Build.0 = Debug|Any CPU
		{5177F2A5-6BA0-4EB6-91DA-5C4CAB84DCF8}.Debug|Mixed Platforms.ActiveCfg = Debug|Any CPU
		{5177F2A5-6BA0-4EB6-91DA-5C4CAB84DCF8}.Debug|Mixed Platforms.Build.0 = Debug|Any CPU
		{5177F2A5-6BA0-4EB6-91DA-5C4CAB84DCF8}.Debug|x86.ActiveCfg = Debug|Any CPU
		{5177F2A5-6BA0-4EB6-91DA-5C4CAB84DCF8}.Release|Any CPU.ActiveCfg = Release|Any CPU
		{5177F2A5-6BA0-4EB6-91DA-5C4CAB84DCF8}.Release|Any CPU.Build.0 = Release|Any CPU
		{5177F2A5-6BA0-4EB6-91DA-5C4CAB84DCF8}.Release|Mixed Platforms.ActiveCfg = Release|Any CPU
		{5177F2A5-6BA0-4EB6-91DA-5C4CAB84DCF8}.Release|Mixed Platforms.Build.0 = Release|Any CPU
		{5177F2A5-6BA0-4EB6-91DA-5C4CAB84DCF8}.Release|x86.ActiveCfg = Release|Any CPU
		{88C7E18A-0ED8-455D-9EE7-742D2E4E6C31}.Debug|Any CPU.ActiveCfg = Debug|Any CPU
		{88C7E18A-0ED8-455D-9EE7-742D2E4E6C31}.Debug|Any CPU.Build.0 = Debug|Any CPU
		{88C7E18A-0ED8-455D-9EE7-742D2E4E6C31}.Debug|Mixed Platforms.ActiveCfg = Debug|Any CPU
		{88C7E18A-0ED8-455D-9EE7-742D2E4E6C31}.Debug|Mixed Platforms.Build.0 = Debug|Any CPU
		{88C7E18A-0ED8-455D-9EE7-742D2E4E6C31}.Debug|x86.ActiveCfg = Debug|Any CPU
		{88C7E18A-0ED8-455D-9EE7-742D2E4E6C31}.Release|Any CPU.ActiveCfg = Release|Any CPU
		{88C7E18A-0ED8-455D-9EE7-742D2E4E6C31}.Release|Any CPU.Build.0 = Release|Any CPU
		{88C7E18A-0ED8-455D-9EE7-742D2E4E6C31}.Release|Mixed Platforms.ActiveCfg = Release|Any CPU
		{88C7E18A-0ED8-455D-9EE7-742D2E4E6C31}.Release|Mixed Platforms.Build.0 = Release|Any CPU
		{88C7E18A-0ED8-455D-9EE7-742D2E4E6C31}.Release|x86.ActiveCfg = Release|Any CPU
		{1CD9B5DF-6D79-4BB5-81A2-B0CBEFF4A0CF}.Debug|Any CPU.ActiveCfg = Debug|Any CPU
		{1CD9B5DF-6D79-4BB5-81A2-B0CBEFF4A0CF}.Debug|Any CPU.Build.0 = Debug|Any CPU
		{1CD9B5DF-6D79-4BB5-81A2-B0CBEFF4A0CF}.Debug|Mixed Platforms.ActiveCfg = Debug|Any CPU
		{1CD9B5DF-6D79-4BB5-81A2-B0CBEFF4A0CF}.Debug|Mixed Platforms.Build.0 = Debug|Any CPU
		{1CD9B5DF-6D79-4BB5-81A2-B0CBEFF4A0CF}.Debug|x86.ActiveCfg = Debug|Any CPU
		{1CD9B5DF-6D79-4BB5-81A2-B0CBEFF4A0CF}.Release|Any CPU.ActiveCfg = Release|Any CPU
		{1CD9B5DF-6D79-4BB5-81A2-B0CBEFF4A0CF}.Release|Any CPU.Build.0 = Release|Any CPU
		{1CD9B5DF-6D79-4BB5-81A2-B0CBEFF4A0CF}.Release|Mixed Platforms.ActiveCfg = Release|Any CPU
		{1CD9B5DF-6D79-4BB5-81A2-B0CBEFF4A0CF}.Release|Mixed Platforms.Build.0 = Release|Any CPU
		{1CD9B5DF-6D79-4BB5-81A2-B0CBEFF4A0CF}.Release|x86.ActiveCfg = Release|Any CPU
		{13695795-F82C-48DF-86D7-EAE60259F845}.Debug|Any CPU.ActiveCfg = Debug|Any CPU
		{13695795-F82C-48DF-86D7-EAE60259F845}.Debug|Any CPU.Build.0 = Debug|Any CPU
		{13695795-F82C-48DF-86D7-EAE60259F845}.Debug|Mixed Platforms.ActiveCfg = Debug|Any CPU
		{13695795-F82C-48DF-86D7-EAE60259F845}.Debug|Mixed Platforms.Build.0 = Debug|Any CPU
		{13695795-F82C-48DF-86D7-EAE60259F845}.Debug|x86.ActiveCfg = Debug|Any CPU
		{13695795-F82C-48DF-86D7-EAE60259F845}.Release|Any CPU.ActiveCfg = Release|Any CPU
		{13695795-F82C-48DF-86D7-EAE60259F845}.Release|Any CPU.Build.0 = Release|Any CPU
		{13695795-F82C-48DF-86D7-EAE60259F845}.Release|Mixed Platforms.ActiveCfg = Release|Any CPU
		{13695795-F82C-48DF-86D7-EAE60259F845}.Release|Mixed Platforms.Build.0 = Release|Any CPU
		{13695795-F82C-48DF-86D7-EAE60259F845}.Release|x86.ActiveCfg = Release|Any CPU
		{B1953D7F-0F62-400D-A77A-FF1CE4474A41}.Debug|Any CPU.ActiveCfg = Debug|Any CPU
		{B1953D7F-0F62-400D-A77A-FF1CE4474A41}.Debug|Any CPU.Build.0 = Debug|Any CPU
		{B1953D7F-0F62-400D-A77A-FF1CE4474A41}.Debug|Mixed Platforms.ActiveCfg = Debug|Any CPU
		{B1953D7F-0F62-400D-A77A-FF1CE4474A41}.Debug|Mixed Platforms.Build.0 = Debug|Any CPU
		{B1953D7F-0F62-400D-A77A-FF1CE4474A41}.Debug|x86.ActiveCfg = Debug|Any CPU
		{B1953D7F-0F62-400D-A77A-FF1CE4474A41}.Release|Any CPU.ActiveCfg = Release|Any CPU
		{B1953D7F-0F62-400D-A77A-FF1CE4474A41}.Release|Any CPU.Build.0 = Release|Any CPU
		{B1953D7F-0F62-400D-A77A-FF1CE4474A41}.Release|Mixed Platforms.ActiveCfg = Release|Any CPU
		{B1953D7F-0F62-400D-A77A-FF1CE4474A41}.Release|Mixed Platforms.Build.0 = Release|Any CPU
		{B1953D7F-0F62-400D-A77A-FF1CE4474A41}.Release|x86.ActiveCfg = Release|Any CPU
		{E36D3F75-F5DB-4BB8-B29A-E920CB1BB3ED}.Debug|Any CPU.ActiveCfg = Debug|Any CPU
		{E36D3F75-F5DB-4BB8-B29A-E920CB1BB3ED}.Debug|Any CPU.Build.0 = Debug|Any CPU
		{E36D3F75-F5DB-4BB8-B29A-E920CB1BB3ED}.Debug|Mixed Platforms.ActiveCfg = Debug|Any CPU
		{E36D3F75-F5DB-4BB8-B29A-E920CB1BB3ED}.Debug|Mixed Platforms.Build.0 = Debug|Any CPU
		{E36D3F75-F5DB-4BB8-B29A-E920CB1BB3ED}.Debug|x86.ActiveCfg = Debug|Any CPU
		{E36D3F75-F5DB-4BB8-B29A-E920CB1BB3ED}.Release|Any CPU.ActiveCfg = Release|Any CPU
		{E36D3F75-F5DB-4BB8-B29A-E920CB1BB3ED}.Release|Any CPU.Build.0 = Release|Any CPU
		{E36D3F75-F5DB-4BB8-B29A-E920CB1BB3ED}.Release|Mixed Platforms.ActiveCfg = Release|Any CPU
		{E36D3F75-F5DB-4BB8-B29A-E920CB1BB3ED}.Release|Mixed Platforms.Build.0 = Release|Any CPU
		{E36D3F75-F5DB-4BB8-B29A-E920CB1BB3ED}.Release|x86.ActiveCfg = Release|Any CPU
		{F7B5021F-09E8-4388-97A2-4B44B9770D03}.Debug|Any CPU.ActiveCfg = Debug|Any CPU
		{F7B5021F-09E8-4388-97A2-4B44B9770D03}.Debug|Any CPU.Build.0 = Debug|Any CPU
		{F7B5021F-09E8-4388-97A2-4B44B9770D03}.Debug|Mixed Platforms.ActiveCfg = Debug|Any CPU
		{F7B5021F-09E8-4388-97A2-4B44B9770D03}.Debug|Mixed Platforms.Build.0 = Debug|Any CPU
		{F7B5021F-09E8-4388-97A2-4B44B9770D03}.Debug|x86.ActiveCfg = Debug|Any CPU
		{F7B5021F-09E8-4388-97A2-4B44B9770D03}.Release|Any CPU.ActiveCfg = Release|Any CPU
		{F7B5021F-09E8-4388-97A2-4B44B9770D03}.Release|Any CPU.Build.0 = Release|Any CPU
		{F7B5021F-09E8-4388-97A2-4B44B9770D03}.Release|Mixed Platforms.ActiveCfg = Release|Any CPU
		{F7B5021F-09E8-4388-97A2-4B44B9770D03}.Release|Mixed Platforms.Build.0 = Release|Any CPU
		{F7B5021F-09E8-4388-97A2-4B44B9770D03}.Release|x86.ActiveCfg = Release|Any CPU
		{1C435B15-949F-420B-B5D5-F433439FB69C}.Debug|Any CPU.ActiveCfg = Debug|Any CPU
		{1C435B15-949F-420B-B5D5-F433439FB69C}.Debug|Any CPU.Build.0 = Debug|Any CPU
		{1C435B15-949F-420B-B5D5-F433439FB69C}.Debug|Mixed Platforms.ActiveCfg = Debug|Any CPU
		{1C435B15-949F-420B-B5D5-F433439FB69C}.Debug|Mixed Platforms.Build.0 = Debug|Any CPU
		{1C435B15-949F-420B-B5D5-F433439FB69C}.Debug|x86.ActiveCfg = Debug|Any CPU
		{1C435B15-949F-420B-B5D5-F433439FB69C}.Release|Any CPU.ActiveCfg = Release|Any CPU
		{1C435B15-949F-420B-B5D5-F433439FB69C}.Release|Any CPU.Build.0 = Release|Any CPU
		{1C435B15-949F-420B-B5D5-F433439FB69C}.Release|Mixed Platforms.ActiveCfg = Release|Any CPU
		{1C435B15-949F-420B-B5D5-F433439FB69C}.Release|Mixed Platforms.Build.0 = Release|Any CPU
		{1C435B15-949F-420B-B5D5-F433439FB69C}.Release|x86.ActiveCfg = Release|Any CPU
		{570F2CCC-CB76-4A27-B1CA-D38888D34A5E}.Debug|Any CPU.ActiveCfg = Debug|Any CPU
		{570F2CCC-CB76-4A27-B1CA-D38888D34A5E}.Debug|Any CPU.Build.0 = Debug|Any CPU
		{570F2CCC-CB76-4A27-B1CA-D38888D34A5E}.Debug|Mixed Platforms.ActiveCfg = Debug|Any CPU
		{570F2CCC-CB76-4A27-B1CA-D38888D34A5E}.Debug|Mixed Platforms.Build.0 = Debug|Any CPU
		{570F2CCC-CB76-4A27-B1CA-D38888D34A5E}.Debug|x86.ActiveCfg = Debug|Any CPU
		{570F2CCC-CB76-4A27-B1CA-D38888D34A5E}.Release|Any CPU.ActiveCfg = Release|Any CPU
		{570F2CCC-CB76-4A27-B1CA-D38888D34A5E}.Release|Any CPU.Build.0 = Release|Any CPU
		{570F2CCC-CB76-4A27-B1CA-D38888D34A5E}.Release|Mixed Platforms.ActiveCfg = Release|Any CPU
		{570F2CCC-CB76-4A27-B1CA-D38888D34A5E}.Release|Mixed Platforms.Build.0 = Release|Any CPU
		{570F2CCC-CB76-4A27-B1CA-D38888D34A5E}.Release|x86.ActiveCfg = Release|Any CPU
		{CE636D44-57A4-48FA-A178-88CA2C3E9DD4}.Debug|Any CPU.ActiveCfg = Debug|Any CPU
		{CE636D44-57A4-48FA-A178-88CA2C3E9DD4}.Debug|Any CPU.Build.0 = Debug|Any CPU
		{CE636D44-57A4-48FA-A178-88CA2C3E9DD4}.Debug|Mixed Platforms.ActiveCfg = Debug|Any CPU
		{CE636D44-57A4-48FA-A178-88CA2C3E9DD4}.Debug|Mixed Platforms.Build.0 = Debug|Any CPU
		{CE636D44-57A4-48FA-A178-88CA2C3E9DD4}.Debug|x86.ActiveCfg = Debug|Any CPU
		{CE636D44-57A4-48FA-A178-88CA2C3E9DD4}.Release|Any CPU.ActiveCfg = Release|Any CPU
		{CE636D44-57A4-48FA-A178-88CA2C3E9DD4}.Release|Any CPU.Build.0 = Release|Any CPU
		{CE636D44-57A4-48FA-A178-88CA2C3E9DD4}.Release|Mixed Platforms.ActiveCfg = Release|Any CPU
		{CE636D44-57A4-48FA-A178-88CA2C3E9DD4}.Release|Mixed Platforms.Build.0 = Release|Any CPU
		{CE636D44-57A4-48FA-A178-88CA2C3E9DD4}.Release|x86.ActiveCfg = Release|Any CPU
		{B9AAEF76-AD12-4593-B665-66DB19AD03C8}.Debug|Any CPU.ActiveCfg = Debug|Any CPU
		{B9AAEF76-AD12-4593-B665-66DB19AD03C8}.Debug|Any CPU.Build.0 = Debug|Any CPU
		{B9AAEF76-AD12-4593-B665-66DB19AD03C8}.Debug|Mixed Platforms.ActiveCfg = Debug|Any CPU
		{B9AAEF76-AD12-4593-B665-66DB19AD03C8}.Debug|Mixed Platforms.Build.0 = Debug|Any CPU
		{B9AAEF76-AD12-4593-B665-66DB19AD03C8}.Debug|x86.ActiveCfg = Debug|Any CPU
		{B9AAEF76-AD12-4593-B665-66DB19AD03C8}.Release|Any CPU.ActiveCfg = Release|Any CPU
		{B9AAEF76-AD12-4593-B665-66DB19AD03C8}.Release|Any CPU.Build.0 = Release|Any CPU
		{B9AAEF76-AD12-4593-B665-66DB19AD03C8}.Release|Mixed Platforms.ActiveCfg = Release|Any CPU
		{B9AAEF76-AD12-4593-B665-66DB19AD03C8}.Release|Mixed Platforms.Build.0 = Release|Any CPU
		{B9AAEF76-AD12-4593-B665-66DB19AD03C8}.Release|x86.ActiveCfg = Release|Any CPU
		{11B6A7C1-E6AA-4F81-9710-EC84069CA858}.Debug|Any CPU.ActiveCfg = Debug|Any CPU
		{11B6A7C1-E6AA-4F81-9710-EC84069CA858}.Debug|Any CPU.Build.0 = Debug|Any CPU
		{11B6A7C1-E6AA-4F81-9710-EC84069CA858}.Debug|Mixed Platforms.ActiveCfg = Debug|Any CPU
		{11B6A7C1-E6AA-4F81-9710-EC84069CA858}.Debug|Mixed Platforms.Build.0 = Debug|Any CPU
		{11B6A7C1-E6AA-4F81-9710-EC84069CA858}.Debug|x86.ActiveCfg = Debug|Any CPU
		{11B6A7C1-E6AA-4F81-9710-EC84069CA858}.Release|Any CPU.ActiveCfg = Release|Any CPU
		{11B6A7C1-E6AA-4F81-9710-EC84069CA858}.Release|Any CPU.Build.0 = Release|Any CPU
		{11B6A7C1-E6AA-4F81-9710-EC84069CA858}.Release|Mixed Platforms.ActiveCfg = Release|Any CPU
		{11B6A7C1-E6AA-4F81-9710-EC84069CA858}.Release|Mixed Platforms.Build.0 = Release|Any CPU
		{11B6A7C1-E6AA-4F81-9710-EC84069CA858}.Release|x86.ActiveCfg = Release|Any CPU
		{748DB258-2D25-42A4-AF68-F852DA397324}.Debug|Any CPU.ActiveCfg = Debug|Any CPU
		{748DB258-2D25-42A4-AF68-F852DA397324}.Debug|Any CPU.Build.0 = Debug|Any CPU
		{748DB258-2D25-42A4-AF68-F852DA397324}.Debug|Mixed Platforms.ActiveCfg = Debug|Any CPU
		{748DB258-2D25-42A4-AF68-F852DA397324}.Debug|Mixed Platforms.Build.0 = Debug|Any CPU
		{748DB258-2D25-42A4-AF68-F852DA397324}.Debug|x86.ActiveCfg = Debug|Any CPU
		{748DB258-2D25-42A4-AF68-F852DA397324}.Release|Any CPU.ActiveCfg = Release|Any CPU
		{748DB258-2D25-42A4-AF68-F852DA397324}.Release|Any CPU.Build.0 = Release|Any CPU
		{748DB258-2D25-42A4-AF68-F852DA397324}.Release|Mixed Platforms.ActiveCfg = Release|Any CPU
		{748DB258-2D25-42A4-AF68-F852DA397324}.Release|Mixed Platforms.Build.0 = Release|Any CPU
		{748DB258-2D25-42A4-AF68-F852DA397324}.Release|x86.ActiveCfg = Release|Any CPU
		{C0294814-98C4-4FAD-B947-15822961684E}.Debug|Any CPU.ActiveCfg = Debug|Any CPU
		{C0294814-98C4-4FAD-B947-15822961684E}.Debug|Any CPU.Build.0 = Debug|Any CPU
		{C0294814-98C4-4FAD-B947-15822961684E}.Debug|Mixed Platforms.ActiveCfg = Debug|Any CPU
		{C0294814-98C4-4FAD-B947-15822961684E}.Debug|Mixed Platforms.Build.0 = Debug|Any CPU
		{C0294814-98C4-4FAD-B947-15822961684E}.Debug|x86.ActiveCfg = Debug|Any CPU
		{C0294814-98C4-4FAD-B947-15822961684E}.Release|Any CPU.ActiveCfg = Release|Any CPU
		{C0294814-98C4-4FAD-B947-15822961684E}.Release|Any CPU.Build.0 = Release|Any CPU
		{C0294814-98C4-4FAD-B947-15822961684E}.Release|Mixed Platforms.ActiveCfg = Release|Any CPU
		{C0294814-98C4-4FAD-B947-15822961684E}.Release|Mixed Platforms.Build.0 = Release|Any CPU
		{C0294814-98C4-4FAD-B947-15822961684E}.Release|x86.ActiveCfg = Release|Any CPU
	EndGlobalSection
	GlobalSection(SolutionProperties) = preSolution
		HideSolutionNode = FALSE
	EndGlobalSection
	GlobalSection(NestedProjects) = preSolution
		{BF5FD001-855C-4836-957A-345F6B805CF3} = {05AE76C5-BF70-4E2C-B856-DF3509066944}
		{4C090D07-4CFD-481D-BD1F-7C9AAFF68900} = {05AE76C5-BF70-4E2C-B856-DF3509066944}
		{9995F6E5-CC26-4D61-BFBF-7A2607041122} = {05AE76C5-BF70-4E2C-B856-DF3509066944}
		{46FD3D2B-D123-4B6C-8B26-7BC3764D34FE} = {BF5FD001-855C-4836-957A-345F6B805CF3}
		{6B20B01B-360B-410C-95F3-0AC88E907281} = {BF5FD001-855C-4836-957A-345F6B805CF3}
		{7969E0E7-00AF-4627-8D93-F6D022C99167} = {BF5FD001-855C-4836-957A-345F6B805CF3}
		{AF9C4D6B-A41F-46F2-8AF8-AF30163E1051} = {BF5FD001-855C-4836-957A-345F6B805CF3}
		{1902E450-0F28-4E9D-8581-3A78821F5E35} = {BF5FD001-855C-4836-957A-345F6B805CF3}
		{1CD9B5DF-6D79-4BB5-81A2-B0CBEFF4A0CF} = {BF5FD001-855C-4836-957A-345F6B805CF3}
		{16FA1ED5-6AE6-4347-91EE-C52E7F22BBC9} = {4C090D07-4CFD-481D-BD1F-7C9AAFF68900}
		{591A56CA-195B-47B5-9841-B552B5274410} = {4C090D07-4CFD-481D-BD1F-7C9AAFF68900}
		{3D879342-6FFF-4E86-81CF-69A89A23CA81} = {4C090D07-4CFD-481D-BD1F-7C9AAFF68900}
		{5177F2A5-6BA0-4EB6-91DA-5C4CAB84DCF8} = {4C090D07-4CFD-481D-BD1F-7C9AAFF68900}
		{13695795-F82C-48DF-86D7-EAE60259F845} = {9995F6E5-CC26-4D61-BFBF-7A2607041122}
		{B1953D7F-0F62-400D-A77A-FF1CE4474A41} = {9995F6E5-CC26-4D61-BFBF-7A2607041122}
		{E36D3F75-F5DB-4BB8-B29A-E920CB1BB3ED} = {9995F6E5-CC26-4D61-BFBF-7A2607041122}
		{88C7E18A-0ED8-455D-9EE7-742D2E4E6C31} = {9995F6E5-CC26-4D61-BFBF-7A2607041122}
		{F7B5021F-09E8-4388-97A2-4B44B9770D03} = {9CA3FCB9-2460-442C-B861-C4E6144E24D5}
		{1C435B15-949F-420B-B5D5-F433439FB69C} = {9CA3FCB9-2460-442C-B861-C4E6144E24D5}
		{570F2CCC-CB76-4A27-B1CA-D38888D34A5E} = {9CA3FCB9-2460-442C-B861-C4E6144E24D5}
		{CE636D44-57A4-48FA-A178-88CA2C3E9DD4} = {44087801-91D5-4C4D-B1E9-9A3291094CD8}
		{B9AAEF76-AD12-4593-B665-66DB19AD03C8} = {44087801-91D5-4C4D-B1E9-9A3291094CD8}
		{11B6A7C1-E6AA-4F81-9710-EC84069CA858} = {4D4F32D0-FD69-48E4-8764-1589D8CA80AA}
		{748DB258-2D25-42A4-AF68-F852DA397324} = {4D4F32D0-FD69-48E4-8764-1589D8CA80AA}
		{C0294814-98C4-4FAD-B947-15822961684E} = {4D4F32D0-FD69-48E4-8764-1589D8CA80AA}
	EndGlobalSection
EndGlobal
