
Microsoft Visual Studio Solution File, Format Version 12.00
# Visual Studio 2012
Project("{2150E333-8FDC-42A3-9474-1A3956D46DE8}") = "Competitions", "Competitions", "{7DC781A6-1374-4B26-8A49-58ACC4228EE1}"
EndProject
Project("{FAE04EC0-301F-11D3-BF4B-00C04F79EFBC}") = "RepairTheStarship", "Competitions\Fall2013.0\RepairTheStarship.csproj", "{7969E0E7-00AF-4627-8D93-F6D022C99167}"
EndProject
Project("{2150E333-8FDC-42A3-9474-1A3956D46DE8}") = "CVARC.Engine", "CVARC.Engine", "{9995F6E5-CC26-4D61-BFBF-7A2607041122}"
EndProject
Project("{FAE04EC0-301F-11D3-BF4B-00C04F79EFBC}") = "Basic", "Engine\CVARC.Basic\Basic.csproj", "{E36D3F75-F5DB-4BB8-B29A-E920CB1BB3ED}"
EndProject
Project("{FAE04EC0-301F-11D3-BF4B-00C04F79EFBC}") = "Bodies", "Engine\CVARC.Engine\Bodies.csproj", "{A316853C-7F60-4C7F-8FB5-6BAFBC417A68}"
EndProject
Project("{2150E333-8FDC-42A3-9474-1A3956D46DE8}") = "CVARC", "CVARC", "{BF5FD001-855C-4836-957A-345F6B805CF3}"
EndProject
Project("{FAE04EC0-301F-11D3-BF4B-00C04F79EFBC}") = "Tutorial", "CVARC\CVARC.Tutorial\Tutorial.csproj", "{46FD3D2B-D123-4B6C-8B26-7BC3764D34FE}"
EndProject
Project("{FAE04EC0-301F-11D3-BF4B-00C04F79EFBC}") = "Physics", "Engine\Phisics\Physics.csproj", "{4FAD9255-3334-4C61-B8D8-97BA4F6E351B}"
EndProject
Project("{FAE04EC0-301F-11D3-BF4B-00C04F79EFBC}") = "Graphics", "Engine\Grapics.Plus\Graphics.csproj", "{4DC31792-DB9F-4A7E-9454-473A030076DB}"
EndProject
Project("{FAE04EC0-301F-11D3-BF4B-00C04F79EFBC}") = "NetworkServer", "CVARC\CVARC.Network\NetworkServer.csproj", "{AF9C4D6B-A41F-46F2-8AF8-AF30163E1051}"
EndProject
Project("{FAE04EC0-301F-11D3-BF4B-00C04F79EFBC}") = "BotDemo", "CVARC\CVARC.BotDemo\BotDemo.csproj", "{1D83CEF9-EB28-4938-8CB4-B83ADA4B65C6}"
EndProject
Project("{FAE04EC0-301F-11D3-BF4B-00C04F79EFBC}") = "Client", "Competitions\ClientBase\Client.csproj", "{5177F2A5-6BA0-4EB6-91DA-5C4CAB84DCF8}"
EndProject
Project("{FAE04EC0-301F-11D3-BF4B-00C04F79EFBC}") = "Level1Client", "Competitions\Level1Client\Level1Client.csproj", "{16FA1ED5-6AE6-4347-91EE-C52E7F22BBC9}"
EndProject
Project("{FAE04EC0-301F-11D3-BF4B-00C04F79EFBC}") = "Level2Client", "Level2Client\Level2Client.csproj", "{591A56CA-195B-47B5-9841-B552B5274410}"
EndProject
Project("{FAE04EC0-301F-11D3-BF4B-00C04F79EFBC}") = "MapHelper", "MapHelper\MapHelper.csproj", "{D19AFC65-6B6E-4EE5-B22A-6C147A9E2763}"
EndProject
Project("{2150E333-8FDC-42A3-9474-1A3956D46DE8}") = "RepairTheStarship", "RepairTheStarship", "{B67E20DA-87C2-4018-9F54-ABF2050B2A28}"
EndProject
Project("{FAE04EC0-301F-11D3-BF4B-00C04F79EFBC}") = "Engine", "EndEngine1\Engine.csproj", "{475BD26B-2456-4DB4-8DC5-BA9D05088FCB}"
EndProject
Project("{FAE04EC0-301F-11D3-BF4B-00C04F79EFBC}") = "Harmonizer.Run", "Harmonizer.Run\Harmonizer.Run.csproj", "{1F5CDED5-4061-4623-80AA-A3378352AB36}"
EndProject
Global
	GlobalSection(SolutionConfigurationPlatforms) = preSolution
		Debug|Any CPU = Debug|Any CPU
		Debug|Mixed Platforms = Debug|Mixed Platforms
		Debug|x86 = Debug|x86
		Release|Any CPU = Release|Any CPU
		Release|Mixed Platforms = Release|Mixed Platforms
		Release|x86 = Release|x86
	EndGlobalSection
	GlobalSection(ProjectConfigurationPlatforms) = postSolution
		{7969E0E7-00AF-4627-8D93-F6D022C99167}.Debug|Any CPU.ActiveCfg = Debug|Any CPU
		{7969E0E7-00AF-4627-8D93-F6D022C99167}.Debug|Any CPU.Build.0 = Debug|Any CPU
		{7969E0E7-00AF-4627-8D93-F6D022C99167}.Debug|Mixed Platforms.ActiveCfg = Debug|Any CPU
		{7969E0E7-00AF-4627-8D93-F6D022C99167}.Debug|Mixed Platforms.Build.0 = Debug|Any CPU
		{7969E0E7-00AF-4627-8D93-F6D022C99167}.Debug|x86.ActiveCfg = Debug|Any CPU
		{7969E0E7-00AF-4627-8D93-F6D022C99167}.Release|Any CPU.ActiveCfg = Release|Any CPU
		{7969E0E7-00AF-4627-8D93-F6D022C99167}.Release|Any CPU.Build.0 = Release|Any CPU
		{7969E0E7-00AF-4627-8D93-F6D022C99167}.Release|Mixed Platforms.ActiveCfg = Release|Any CPU
		{7969E0E7-00AF-4627-8D93-F6D022C99167}.Release|Mixed Platforms.Build.0 = Release|Any CPU
		{7969E0E7-00AF-4627-8D93-F6D022C99167}.Release|x86.ActiveCfg = Release|Any CPU
		{E36D3F75-F5DB-4BB8-B29A-E920CB1BB3ED}.Debug|Any CPU.ActiveCfg = Debug|Any CPU
		{E36D3F75-F5DB-4BB8-B29A-E920CB1BB3ED}.Debug|Any CPU.Build.0 = Debug|Any CPU
		{E36D3F75-F5DB-4BB8-B29A-E920CB1BB3ED}.Debug|Mixed Platforms.ActiveCfg = Debug|Any CPU
		{E36D3F75-F5DB-4BB8-B29A-E920CB1BB3ED}.Debug|Mixed Platforms.Build.0 = Debug|Any CPU
		{E36D3F75-F5DB-4BB8-B29A-E920CB1BB3ED}.Debug|x86.ActiveCfg = Debug|Any CPU
		{E36D3F75-F5DB-4BB8-B29A-E920CB1BB3ED}.Release|Any CPU.ActiveCfg = Release|Any CPU
		{E36D3F75-F5DB-4BB8-B29A-E920CB1BB3ED}.Release|Any CPU.Build.0 = Release|Any CPU
		{E36D3F75-F5DB-4BB8-B29A-E920CB1BB3ED}.Release|Mixed Platforms.ActiveCfg = Release|Any CPU
		{E36D3F75-F5DB-4BB8-B29A-E920CB1BB3ED}.Release|Mixed Platforms.Build.0 = Release|Any CPU
		{E36D3F75-F5DB-4BB8-B29A-E920CB1BB3ED}.Release|x86.ActiveCfg = Release|Any CPU
		{A316853C-7F60-4C7F-8FB5-6BAFBC417A68}.Debug|Any CPU.ActiveCfg = Debug|Any CPU
		{A316853C-7F60-4C7F-8FB5-6BAFBC417A68}.Debug|Any CPU.Build.0 = Debug|Any CPU
		{A316853C-7F60-4C7F-8FB5-6BAFBC417A68}.Debug|Mixed Platforms.ActiveCfg = Debug|x86
		{A316853C-7F60-4C7F-8FB5-6BAFBC417A68}.Debug|Mixed Platforms.Build.0 = Debug|x86
		{A316853C-7F60-4C7F-8FB5-6BAFBC417A68}.Debug|x86.ActiveCfg = Debug|x86
		{A316853C-7F60-4C7F-8FB5-6BAFBC417A68}.Debug|x86.Build.0 = Debug|x86
		{A316853C-7F60-4C7F-8FB5-6BAFBC417A68}.Release|Any CPU.ActiveCfg = Release|Any CPU
		{A316853C-7F60-4C7F-8FB5-6BAFBC417A68}.Release|Any CPU.Build.0 = Release|Any CPU
		{A316853C-7F60-4C7F-8FB5-6BAFBC417A68}.Release|Mixed Platforms.ActiveCfg = Release|x86
		{A316853C-7F60-4C7F-8FB5-6BAFBC417A68}.Release|Mixed Platforms.Build.0 = Release|x86
		{A316853C-7F60-4C7F-8FB5-6BAFBC417A68}.Release|x86.ActiveCfg = Release|x86
		{A316853C-7F60-4C7F-8FB5-6BAFBC417A68}.Release|x86.Build.0 = Release|x86
		{46FD3D2B-D123-4B6C-8B26-7BC3764D34FE}.Debug|Any CPU.ActiveCfg = Debug|Any CPU
		{46FD3D2B-D123-4B6C-8B26-7BC3764D34FE}.Debug|Any CPU.Build.0 = Debug|Any CPU
		{46FD3D2B-D123-4B6C-8B26-7BC3764D34FE}.Debug|Mixed Platforms.ActiveCfg = Debug|Any CPU
		{46FD3D2B-D123-4B6C-8B26-7BC3764D34FE}.Debug|Mixed Platforms.Build.0 = Debug|Any CPU
		{46FD3D2B-D123-4B6C-8B26-7BC3764D34FE}.Debug|x86.ActiveCfg = Debug|Any CPU
		{46FD3D2B-D123-4B6C-8B26-7BC3764D34FE}.Release|Any CPU.ActiveCfg = Release|Any CPU
		{46FD3D2B-D123-4B6C-8B26-7BC3764D34FE}.Release|Any CPU.Build.0 = Release|Any CPU
		{46FD3D2B-D123-4B6C-8B26-7BC3764D34FE}.Release|Mixed Platforms.ActiveCfg = Release|Any CPU
		{46FD3D2B-D123-4B6C-8B26-7BC3764D34FE}.Release|Mixed Platforms.Build.0 = Release|Any CPU
		{46FD3D2B-D123-4B6C-8B26-7BC3764D34FE}.Release|x86.ActiveCfg = Release|Any CPU
		{4FAD9255-3334-4C61-B8D8-97BA4F6E351B}.Debug|Any CPU.ActiveCfg = Debug|Any CPU
		{4FAD9255-3334-4C61-B8D8-97BA4F6E351B}.Debug|Any CPU.Build.0 = Debug|Any CPU
		{4FAD9255-3334-4C61-B8D8-97BA4F6E351B}.Debug|Mixed Platforms.ActiveCfg = Debug|Any CPU
		{4FAD9255-3334-4C61-B8D8-97BA4F6E351B}.Debug|Mixed Platforms.Build.0 = Debug|Any CPU
		{4FAD9255-3334-4C61-B8D8-97BA4F6E351B}.Debug|x86.ActiveCfg = Debug|Any CPU
		{4FAD9255-3334-4C61-B8D8-97BA4F6E351B}.Release|Any CPU.ActiveCfg = Release|Any CPU
		{4FAD9255-3334-4C61-B8D8-97BA4F6E351B}.Release|Any CPU.Build.0 = Release|Any CPU
		{4FAD9255-3334-4C61-B8D8-97BA4F6E351B}.Release|Mixed Platforms.ActiveCfg = Release|Any CPU
		{4FAD9255-3334-4C61-B8D8-97BA4F6E351B}.Release|Mixed Platforms.Build.0 = Release|Any CPU
		{4FAD9255-3334-4C61-B8D8-97BA4F6E351B}.Release|x86.ActiveCfg = Release|Any CPU
		{4DC31792-DB9F-4A7E-9454-473A030076DB}.Debug|Any CPU.ActiveCfg = Debug|Any CPU
		{4DC31792-DB9F-4A7E-9454-473A030076DB}.Debug|Any CPU.Build.0 = Debug|Any CPU
		{4DC31792-DB9F-4A7E-9454-473A030076DB}.Debug|Mixed Platforms.ActiveCfg = Debug|x86
		{4DC31792-DB9F-4A7E-9454-473A030076DB}.Debug|Mixed Platforms.Build.0 = Debug|x86
		{4DC31792-DB9F-4A7E-9454-473A030076DB}.Debug|x86.ActiveCfg = Debug|x86
		{4DC31792-DB9F-4A7E-9454-473A030076DB}.Debug|x86.Build.0 = Debug|x86
		{4DC31792-DB9F-4A7E-9454-473A030076DB}.Release|Any CPU.ActiveCfg = Release|Any CPU
		{4DC31792-DB9F-4A7E-9454-473A030076DB}.Release|Any CPU.Build.0 = Release|Any CPU
		{4DC31792-DB9F-4A7E-9454-473A030076DB}.Release|Mixed Platforms.ActiveCfg = Release|x86
		{4DC31792-DB9F-4A7E-9454-473A030076DB}.Release|Mixed Platforms.Build.0 = Release|x86
		{4DC31792-DB9F-4A7E-9454-473A030076DB}.Release|x86.ActiveCfg = Release|x86
		{4DC31792-DB9F-4A7E-9454-473A030076DB}.Release|x86.Build.0 = Release|x86
		{AF9C4D6B-A41F-46F2-8AF8-AF30163E1051}.Debug|Any CPU.ActiveCfg = Debug|Any CPU
		{AF9C4D6B-A41F-46F2-8AF8-AF30163E1051}.Debug|Any CPU.Build.0 = Debug|Any CPU
		{AF9C4D6B-A41F-46F2-8AF8-AF30163E1051}.Debug|Mixed Platforms.ActiveCfg = Debug|Any CPU
		{AF9C4D6B-A41F-46F2-8AF8-AF30163E1051}.Debug|Mixed Platforms.Build.0 = Debug|Any CPU
		{AF9C4D6B-A41F-46F2-8AF8-AF30163E1051}.Debug|x86.ActiveCfg = Debug|Any CPU
		{AF9C4D6B-A41F-46F2-8AF8-AF30163E1051}.Release|Any CPU.ActiveCfg = Release|Any CPU
		{AF9C4D6B-A41F-46F2-8AF8-AF30163E1051}.Release|Any CPU.Build.0 = Release|Any CPU
		{AF9C4D6B-A41F-46F2-8AF8-AF30163E1051}.Release|Mixed Platforms.ActiveCfg = Release|Any CPU
		{AF9C4D6B-A41F-46F2-8AF8-AF30163E1051}.Release|Mixed Platforms.Build.0 = Release|Any CPU
		{AF9C4D6B-A41F-46F2-8AF8-AF30163E1051}.Release|x86.ActiveCfg = Release|Any CPU
		{1D83CEF9-EB28-4938-8CB4-B83ADA4B65C6}.Debug|Any CPU.ActiveCfg = Debug|Any CPU
		{1D83CEF9-EB28-4938-8CB4-B83ADA4B65C6}.Debug|Any CPU.Build.0 = Debug|Any CPU
		{1D83CEF9-EB28-4938-8CB4-B83ADA4B65C6}.Debug|Mixed Platforms.ActiveCfg = Debug|Any CPU
		{1D83CEF9-EB28-4938-8CB4-B83ADA4B65C6}.Debug|Mixed Platforms.Build.0 = Debug|Any CPU
		{1D83CEF9-EB28-4938-8CB4-B83ADA4B65C6}.Debug|x86.ActiveCfg = Debug|Any CPU
		{1D83CEF9-EB28-4938-8CB4-B83ADA4B65C6}.Release|Any CPU.ActiveCfg = Release|Any CPU
		{1D83CEF9-EB28-4938-8CB4-B83ADA4B65C6}.Release|Any CPU.Build.0 = Release|Any CPU
		{1D83CEF9-EB28-4938-8CB4-B83ADA4B65C6}.Release|Mixed Platforms.ActiveCfg = Release|Any CPU
		{1D83CEF9-EB28-4938-8CB4-B83ADA4B65C6}.Release|Mixed Platforms.Build.0 = Release|Any CPU
		{1D83CEF9-EB28-4938-8CB4-B83ADA4B65C6}.Release|x86.ActiveCfg = Release|Any CPU
		{5177F2A5-6BA0-4EB6-91DA-5C4CAB84DCF8}.Debug|Any CPU.ActiveCfg = Debug|Any CPU
		{5177F2A5-6BA0-4EB6-91DA-5C4CAB84DCF8}.Debug|Any CPU.Build.0 = Debug|Any CPU
		{5177F2A5-6BA0-4EB6-91DA-5C4CAB84DCF8}.Debug|Mixed Platforms.ActiveCfg = Debug|Any CPU
		{5177F2A5-6BA0-4EB6-91DA-5C4CAB84DCF8}.Debug|Mixed Platforms.Build.0 = Debug|Any CPU
		{5177F2A5-6BA0-4EB6-91DA-5C4CAB84DCF8}.Debug|x86.ActiveCfg = Debug|Any CPU
		{5177F2A5-6BA0-4EB6-91DA-5C4CAB84DCF8}.Release|Any CPU.ActiveCfg = Release|Any CPU
		{5177F2A5-6BA0-4EB6-91DA-5C4CAB84DCF8}.Release|Any CPU.Build.0 = Release|Any CPU
		{5177F2A5-6BA0-4EB6-91DA-5C4CAB84DCF8}.Release|Mixed Platforms.ActiveCfg = Release|Any CPU
		{5177F2A5-6BA0-4EB6-91DA-5C4CAB84DCF8}.Release|Mixed Platforms.Build.0 = Release|Any CPU
		{5177F2A5-6BA0-4EB6-91DA-5C4CAB84DCF8}.Release|x86.ActiveCfg = Release|Any CPU
		{16FA1ED5-6AE6-4347-91EE-C52E7F22BBC9}.Debug|Any CPU.ActiveCfg = Debug|Any CPU
		{16FA1ED5-6AE6-4347-91EE-C52E7F22BBC9}.Debug|Any CPU.Build.0 = Debug|Any CPU
		{16FA1ED5-6AE6-4347-91EE-C52E7F22BBC9}.Debug|Mixed Platforms.ActiveCfg = Debug|Any CPU
		{16FA1ED5-6AE6-4347-91EE-C52E7F22BBC9}.Debug|Mixed Platforms.Build.0 = Debug|Any CPU
		{16FA1ED5-6AE6-4347-91EE-C52E7F22BBC9}.Debug|x86.ActiveCfg = Debug|Any CPU
		{16FA1ED5-6AE6-4347-91EE-C52E7F22BBC9}.Release|Any CPU.ActiveCfg = Release|Any CPU
		{16FA1ED5-6AE6-4347-91EE-C52E7F22BBC9}.Release|Any CPU.Build.0 = Release|Any CPU
		{16FA1ED5-6AE6-4347-91EE-C52E7F22BBC9}.Release|Mixed Platforms.ActiveCfg = Release|Any CPU
		{16FA1ED5-6AE6-4347-91EE-C52E7F22BBC9}.Release|Mixed Platforms.Build.0 = Release|Any CPU
		{16FA1ED5-6AE6-4347-91EE-C52E7F22BBC9}.Release|x86.ActiveCfg = Release|Any CPU
		{591A56CA-195B-47B5-9841-B552B5274410}.Debug|Any CPU.ActiveCfg = Debug|Any CPU
		{591A56CA-195B-47B5-9841-B552B5274410}.Debug|Any CPU.Build.0 = Debug|Any CPU
		{591A56CA-195B-47B5-9841-B552B5274410}.Debug|Mixed Platforms.ActiveCfg = Debug|Any CPU
		{591A56CA-195B-47B5-9841-B552B5274410}.Debug|Mixed Platforms.Build.0 = Debug|Any CPU
		{591A56CA-195B-47B5-9841-B552B5274410}.Debug|x86.ActiveCfg = Debug|Any CPU
		{591A56CA-195B-47B5-9841-B552B5274410}.Release|Any CPU.ActiveCfg = Release|Any CPU
		{591A56CA-195B-47B5-9841-B552B5274410}.Release|Any CPU.Build.0 = Release|Any CPU
		{591A56CA-195B-47B5-9841-B552B5274410}.Release|Mixed Platforms.ActiveCfg = Release|Any CPU
		{591A56CA-195B-47B5-9841-B552B5274410}.Release|Mixed Platforms.Build.0 = Release|Any CPU
		{591A56CA-195B-47B5-9841-B552B5274410}.Release|x86.ActiveCfg = Release|Any CPU
		{D19AFC65-6B6E-4EE5-B22A-6C147A9E2763}.Debug|Any CPU.ActiveCfg = Debug|Any CPU
		{D19AFC65-6B6E-4EE5-B22A-6C147A9E2763}.Debug|Any CPU.Build.0 = Debug|Any CPU
		{D19AFC65-6B6E-4EE5-B22A-6C147A9E2763}.Debug|Mixed Platforms.ActiveCfg = Debug|Any CPU
		{D19AFC65-6B6E-4EE5-B22A-6C147A9E2763}.Debug|Mixed Platforms.Build.0 = Debug|Any CPU
		{D19AFC65-6B6E-4EE5-B22A-6C147A9E2763}.Debug|x86.ActiveCfg = Debug|Any CPU
		{D19AFC65-6B6E-4EE5-B22A-6C147A9E2763}.Release|Any CPU.ActiveCfg = Release|Any CPU
		{D19AFC65-6B6E-4EE5-B22A-6C147A9E2763}.Release|Any CPU.Build.0 = Release|Any CPU
		{D19AFC65-6B6E-4EE5-B22A-6C147A9E2763}.Release|Mixed Platforms.ActiveCfg = Release|Any CPU
		{D19AFC65-6B6E-4EE5-B22A-6C147A9E2763}.Release|Mixed Platforms.Build.0 = Release|Any CPU
		{D19AFC65-6B6E-4EE5-B22A-6C147A9E2763}.Release|x86.ActiveCfg = Release|Any CPU
		{475BD26B-2456-4DB4-8DC5-BA9D05088FCB}.Debug|Any CPU.ActiveCfg = Debug|Any CPU
		{475BD26B-2456-4DB4-8DC5-BA9D05088FCB}.Debug|Any CPU.Build.0 = Debug|Any CPU
		{475BD26B-2456-4DB4-8DC5-BA9D05088FCB}.Debug|Mixed Platforms.ActiveCfg = Debug|Any CPU
		{475BD26B-2456-4DB4-8DC5-BA9D05088FCB}.Debug|Mixed Platforms.Build.0 = Debug|Any CPU
		{475BD26B-2456-4DB4-8DC5-BA9D05088FCB}.Debug|x86.ActiveCfg = Debug|Any CPU
		{475BD26B-2456-4DB4-8DC5-BA9D05088FCB}.Release|Any CPU.ActiveCfg = Release|Any CPU
		{475BD26B-2456-4DB4-8DC5-BA9D05088FCB}.Release|Any CPU.Build.0 = Release|Any CPU
		{475BD26B-2456-4DB4-8DC5-BA9D05088FCB}.Release|Mixed Platforms.ActiveCfg = Release|Any CPU
		{475BD26B-2456-4DB4-8DC5-BA9D05088FCB}.Release|Mixed Platforms.Build.0 = Release|Any CPU
		{475BD26B-2456-4DB4-8DC5-BA9D05088FCB}.Release|x86.ActiveCfg = Release|Any CPU
		{1F5CDED5-4061-4623-80AA-A3378352AB36}.Debug|Any CPU.ActiveCfg = Debug|Any CPU
		{1F5CDED5-4061-4623-80AA-A3378352AB36}.Debug|Any CPU.Build.0 = Debug|Any CPU
		{1F5CDED5-4061-4623-80AA-A3378352AB36}.Debug|Mixed Platforms.ActiveCfg = Debug|Any CPU
		{1F5CDED5-4061-4623-80AA-A3378352AB36}.Debug|Mixed Platforms.Build.0 = Debug|Any CPU
		{1F5CDED5-4061-4623-80AA-A3378352AB36}.Debug|x86.ActiveCfg = Debug|Any CPU
		{1F5CDED5-4061-4623-80AA-A3378352AB36}.Release|Any CPU.ActiveCfg = Release|Any CPU
		{1F5CDED5-4061-4623-80AA-A3378352AB36}.Release|Any CPU.Build.0 = Release|Any CPU
		{1F5CDED5-4061-4623-80AA-A3378352AB36}.Release|Mixed Platforms.ActiveCfg = Release|Any CPU
		{1F5CDED5-4061-4623-80AA-A3378352AB36}.Release|Mixed Platforms.Build.0 = Release|Any CPU
		{1F5CDED5-4061-4623-80AA-A3378352AB36}.Release|x86.ActiveCfg = Release|Any CPU
	EndGlobalSection
	GlobalSection(SolutionProperties) = preSolution
		HideSolutionNode = FALSE
	EndGlobalSection
	GlobalSection(NestedProjects) = preSolution
		{B67E20DA-87C2-4018-9F54-ABF2050B2A28} = {7DC781A6-1374-4B26-8A49-58ACC4228EE1}
		{16FA1ED5-6AE6-4347-91EE-C52E7F22BBC9} = {B67E20DA-87C2-4018-9F54-ABF2050B2A28}
		{591A56CA-195B-47B5-9841-B552B5274410} = {B67E20DA-87C2-4018-9F54-ABF2050B2A28}
		{D19AFC65-6B6E-4EE5-B22A-6C147A9E2763} = {B67E20DA-87C2-4018-9F54-ABF2050B2A28}
		{7969E0E7-00AF-4627-8D93-F6D022C99167} = {B67E20DA-87C2-4018-9F54-ABF2050B2A28}
		{A316853C-7F60-4C7F-8FB5-6BAFBC417A68} = {9995F6E5-CC26-4D61-BFBF-7A2607041122}
		{4FAD9255-3334-4C61-B8D8-97BA4F6E351B} = {9995F6E5-CC26-4D61-BFBF-7A2607041122}
		{4DC31792-DB9F-4A7E-9454-473A030076DB} = {9995F6E5-CC26-4D61-BFBF-7A2607041122}
		{475BD26B-2456-4DB4-8DC5-BA9D05088FCB} = {9995F6E5-CC26-4D61-BFBF-7A2607041122}
		{E36D3F75-F5DB-4BB8-B29A-E920CB1BB3ED} = {BF5FD001-855C-4836-957A-345F6B805CF3}
		{46FD3D2B-D123-4B6C-8B26-7BC3764D34FE} = {BF5FD001-855C-4836-957A-345F6B805CF3}
		{AF9C4D6B-A41F-46F2-8AF8-AF30163E1051} = {BF5FD001-855C-4836-957A-345F6B805CF3}
		{1D83CEF9-EB28-4938-8CB4-B83ADA4B65C6} = {BF5FD001-855C-4836-957A-345F6B805CF3}
		{5177F2A5-6BA0-4EB6-91DA-5C4CAB84DCF8} = {BF5FD001-855C-4836-957A-345F6B805CF3}
	EndGlobalSection
EndGlobal
